# This file is autogenerated, do not edit; changes may be undone by the next 'dep ensure'.


[[projects]]
  name = "github.com/davecgh/go-spew"
  packages = ["spew"]
  revision = "346938d642f2ec3594ed81d874461961cd0faa76"
  version = "v1.1.0"

[[projects]]
  name = "github.com/pmezard/go-difflib"
  packages = ["difflib"]
  revision = "792786c7400a136282c1664665ae0a8db921c6c2"
  version = "v1.0.0"

[[projects]]
  name = "github.com/stretchr/testify"
  packages = ["assert"]
  revision = "12b6f73e6084dad08a7c6e575284b177ecafbc71"
  version = "v1.2.1"

[[projects]]
  branch = "v1"
  name = "gopkg.in/jarcoal/httpmock.v1"
  packages = ["."]
  revision = "cf52904a3cf0f78f199ecade6a6df8e245d5b25a"

[solve-meta]
  analyzer-name = "dep"
  analyzer-version = 1
  inputs-digest = "f49bb37e6ab6ce3ecaf99f1a3eeae1ac3b8a8458ce0ee87692792578d773b7d7"
  solver-name = "gps-cdcl"
  solver-version = 1
